speakeasyVersion: 1.790.2
sources:
    convoy:
        sourceNamespace: convoy
        sourceRevisionDigest: sha256:0baf2fb461c0caeeef8bbb00c53935d821fc004b722dce7542d07aae5ac7d30b
        sourceBlobDigest: sha256:a1b9d81cc9b8aeece7536b83082987e85696aefc646ae15739420a2cdb686a9b
        tags:
            - latest
            - 26.3.5
targets:
    typescript:
        source: convoy
        sourceNamespace: convoy
        sourceRevisionDigest: sha256:0baf2fb461c0caeeef8bbb00c53935d821fc004b722dce7542d07aae5ac7d30b
        sourceBlobDigest: sha256:a1b9d81cc9b8aeece7536b83082987e85696aefc646ae15739420a2cdb686a9b
workflow:
    workflowVersion: 1.0.0
    speakeasyVersion: 1.790.2
    sources:
        convoy:
            inputs:
                - location: https://raw.githubusercontent.com/frain-dev/convoy/main/docs/v3/openapi3.yaml
            registry:
                location: registry.speakeasyapi.dev/smarts-org/convoy/convoy
    targets:
        typescript:
            target: typescript
            source: convoy
            output: .
