speakeasyVersion: 1.790.2
sources:
    convoy:
        sourceNamespace: convoy
        sourceRevisionDigest: sha256:cc21f0ae9d5f0694c640a6dcc8dab4cde21f7398195cc2501ae4b5ec6f6dc521
        sourceBlobDigest: sha256:e4b149e571a301da80de24058c6a5faabcb962eb4bc1d67b47f5e1d765e2baec
        tags:
            - latest
            - 26.3.5
targets:
    typescript:
        source: convoy
        sourceNamespace: convoy
        sourceRevisionDigest: sha256:cc21f0ae9d5f0694c640a6dcc8dab4cde21f7398195cc2501ae4b5ec6f6dc521
        sourceBlobDigest: sha256:e4b149e571a301da80de24058c6a5faabcb962eb4bc1d67b47f5e1d765e2baec
workflow:
    workflowVersion: 1.0.0
    speakeasyVersion: 1.790.2
    sources:
        convoy:
            inputs:
                - location: https://raw.githubusercontent.com/frain-dev/convoy/main/docs/v3/openapi3.yaml
            registry:
                location: registry.speakeasyapi.dev/smarts-org/convoy/convoy
    targets:
        typescript:
            target: typescript
            source: convoy
            output: .
